
Microsoft Visual Studio Solution File, Format Version 12.00
# Visual Studio 15
Project("{FAE04EC0-301F-11D3-BF4B-00C04F79EFBC}") = "Unity.Timeline", "Unity.Timeline.csproj", "{5B4EF387-A42C-5687-A7EC-2278D18C0022}"
EndProject
Project("{FAE04EC0-301F-11D3-BF4B-00C04F79EFBC}") = "Unity.Timeline.Editor", "Unity.Timeline.Editor.csproj", "{3FEDD0C1-4753-5745-1908-44DD974C7BCB}"
EndProject
Project("{FAE04EC0-301F-11D3-BF4B-00C04F79EFBC}") = "Unity.TextMeshPro.Editor", "Unity.TextMeshPro.Editor.csproj", "{D0072C7E-109B-A7BA-12FB-786D73E6B894}"
EndProject
Project("{FAE04EC0-301F-11D3-BF4B-00C04F79EFBC}") = "Unity.VisualScripting.Flow", "Unity.VisualScripting.Flow.csproj", "{8CBD7800-7484-E033-562A-81DE5B3857BD}"
EndProject
Project("{FAE04EC0-301F-11D3-BF4B-00C04F79EFBC}") = "UnityEditor.UI", "UnityEditor.UI.csproj", "{2BAAD9BA-E56E-5DA2-9BA0-700B607811EE}"
EndProject
Project("{FAE04EC0-301F-11D3-BF4B-00C04F79EFBC}") = "Unity.PlasticSCM.Editor", "Unity.PlasticSCM.Editor.csproj", "{0C10294E-45AA-BC66-AAE2-9F6EF141D39F}"
EndProject
Project("{FAE04EC0-301F-11D3-BF4B-00C04F79EFBC}") = "Unity.VisualScripting.Core", "Unity.VisualScripting.Core.csproj", "{8C8D868C-4EBF-B49C-66ED-1EA12DFDA1E8}"
EndProject
Project("{FAE04EC0-301F-11D3-BF4B-00C04F79EFBC}") = "Unity.VisualScripting.Core.Editor", "Unity.VisualScripting.Core.Editor.csproj", "{E1C46DC1-3C23-251C-ECAA-6F30CCA8CAE4}"
EndProject
Project("{FAE04EC0-301F-11D3-BF4B-00C04F79EFBC}") = "Unity.VisualScripting.Flow.Editor", "Unity.VisualScripting.Flow.Editor.csproj", "{442E7CAD-6849-6A93-CFD8-A8D0FBF58151}"
EndProject
Project("{FAE04EC0-301F-11D3-BF4B-00C04F79EFBC}") = "UnityEditor.TestRunner", "UnityEditor.TestRunner.csproj", "{D1F46EF5-AF1A-E183-CDCC-6DD0F751462E}"
EndProject
Project("{FAE04EC0-301F-11D3-BF4B-00C04F79EFBC}") = "Unity.VisualScripting.SettingsProvider.Editor", "Unity.VisualScripting.SettingsProvider.Editor.csproj", "{5F747AA5-9845-0FA6-B371-63BBC17E370E}"
EndProject
Project("{FAE04EC0-301F-11D3-BF4B-00C04F79EFBC}") = "UnityEngine.TestRunner", "UnityEngine.TestRunner.csproj", "{CF82DDEA-E2E0-C58E-B3B7-B604DD266139}"
EndProject
Project("{FAE04EC0-301F-11D3-BF4B-00C04F79EFBC}") = "UnityEngine.UI", "UnityEngine.UI.csproj", "{AC34F64B-CC74-7CFC-131A-6A91EE93E424}"
EndProject
Project("{FAE04EC0-301F-11D3-BF4B-00C04F79EFBC}") = "Unity.VisualStudio.Editor", "Unity.VisualStudio.Editor.csproj", "{ABAA9A25-6AE9-7DBB-B65B-9F952A61A9E9}"
EndProject
Project("{FAE04EC0-301F-11D3-BF4B-00C04F79EFBC}") = "Unity.TestTools.CodeCoverage.Editor.OpenCover.Model", "Unity.TestTools.CodeCoverage.Editor.OpenCover.Model.csproj", "{AF715F34-4B7D-C423-AAB4-2D65F9CEFB00}"
EndProject
Project("{FAE04EC0-301F-11D3-BF4B-00C04F79EFBC}") = "Unity.Rider.Editor", "Unity.Rider.Editor.csproj", "{27E90352-7D24-8981-34B6-DB23E6672ECA}"
EndProject
Project("{FAE04EC0-301F-11D3-BF4B-00C04F79EFBC}") = "Unity.VisualScripting.State.Editor", "Unity.VisualScripting.State.Editor.csproj", "{E6250E74-D639-25E9-68E8-4E608BB8ADDE}"
EndProject
Project("{FAE04EC0-301F-11D3-BF4B-00C04F79EFBC}") = "Unity.TestTools.CodeCoverage.Editor", "Unity.TestTools.CodeCoverage.Editor.csproj", "{1CC6293F-0C5A-EE91-3279-F8514E4FAD93}"
EndProject
Project("{FAE04EC0-301F-11D3-BF4B-00C04F79EFBC}") = "Unity.VisualScripting.State", "Unity.VisualScripting.State.csproj", "{9ACFDD9F-7F2A-D3DD-37C8-C3E24EF8CE08}"
EndProject
Project("{FAE04EC0-301F-11D3-BF4B-00C04F79EFBC}") = "Unity.TextMeshPro", "Unity.TextMeshPro.csproj", "{DD6BCF00-EB0C-446E-23F1-ABAC65581683}"
EndProject
Project("{FAE04EC0-301F-11D3-BF4B-00C04F79EFBC}") = "Unity.Performance.Profile-Analyzer.Editor", "Unity.Performance.Profile-Analyzer.Editor.csproj", "{156F0413-509A-9D96-80B8-E2FE1B687BE2}"
EndProject
Project("{FAE04EC0-301F-11D3-BF4B-00C04F79EFBC}") = "Unity.VSCode.Editor", "Unity.VSCode.Editor.csproj", "{F7044504-8E0B-C440-94D4-DE2576067A65}"
EndProject
Project("{FAE04EC0-301F-11D3-BF4B-00C04F79EFBC}") = "Unity.TestTools.CodeCoverage.Editor.OpenCover.Mono.Reflection", "Unity.TestTools.CodeCoverage.Editor.OpenCover.Mono.Reflection.csproj", "{421303F5-3535-C4F5-1A51-920547274223}"
EndProject
Project("{FAE04EC0-301F-11D3-BF4B-00C04F79EFBC}") = "Unity.Settings.Editor", "Unity.Settings.Editor.csproj", "{004DD7A4-FEF5-D4EC-0345-7E76B49BCAEC}"
EndProject
Project("{FAE04EC0-301F-11D3-BF4B-00C04F79EFBC}") = "Unity.EditorCoroutines.Editor", "Unity.EditorCoroutines.Editor.csproj", "{36A1EE6A-D703-80D4-4615-F10EE65CF43F}"
EndProject
Project("{FAE04EC0-301F-11D3-BF4B-00C04F79EFBC}") = "Unity.VisualScripting.Shared.Editor", "Unity.VisualScripting.Shared.Editor.csproj", "{5DCF08D4-8312-6857-C168-F4681174C75C}"
EndProject
Project("{FAE04EC0-301F-11D3-BF4B-00C04F79EFBC}") = "Unity.CollabProxy.Editor", "Unity.CollabProxy.Editor.csproj", "{6F394DEB-182E-7AB9-798D-82AD9A3A8C6D}"
EndProject
Project("{FAE04EC0-301F-11D3-BF4B-00C04F79EFBC}") = "Unity.Timeline", "Unity.Timeline.Player.csproj", "{E70723F1-4885-DAC2-79BC-29720B664CF7}"
EndProject
Project("{FAE04EC0-301F-11D3-BF4B-00C04F79EFBC}") = "Unity.VisualScripting.Flow", "Unity.VisualScripting.Flow.Player.csproj", "{6A0C39E9-9657-7EA8-1C45-F66D224D8354}"
EndProject
Project("{FAE04EC0-301F-11D3-BF4B-00C04F79EFBC}") = "Unity.VisualScripting.Core", "Unity.VisualScripting.Core.Player.csproj", "{68B967C3-B120-AA56-376F-6FE7DE5E6D64}"
EndProject
Project("{FAE04EC0-301F-11D3-BF4B-00C04F79EFBC}") = "UnityEngine.TestRunner", "UnityEngine.TestRunner.Player.csproj", "{5A64BC35-34C6-7432-82E1-8B0747867876}"
EndProject
Project("{FAE04EC0-301F-11D3-BF4B-00C04F79EFBC}") = "UnityEngine.UI", "UnityEngine.UI.Player.csproj", "{F6769847-1971-770C-4EB8-5105CCFE86DF}"
EndProject
Project("{FAE04EC0-301F-11D3-BF4B-00C04F79EFBC}") = "Unity.VisualScripting.State", "Unity.VisualScripting.State.Player.csproj", "{657F0936-1532-3626-D4E2-30AAB2E61B0E}"
EndProject
Project("{FAE04EC0-301F-11D3-BF4B-00C04F79EFBC}") = "Unity.TextMeshPro", "Unity.TextMeshPro.Player.csproj", "{F1C519B6-1A1A-0062-CB39-64EC2F346ABE}"
EndProject
Global
	GlobalSection(SolutionConfigurationPlatforms) = preSolution
		Debug|Any CPU = Debug|Any CPU
		Release|Any CPU = Release|Any CPU
	EndGlobalSection
	GlobalSection(ProjectConfigurationPlatforms) = postSolution
		{5B4EF387-A42C-5687-A7EC-2278D18C0022}.Debug|Any CPU.ActiveCfg = Debug|Any CPU
		{5B4EF387-A42C-5687-A7EC-2278D18C0022}.Debug|Any CPU.Build.0 = Debug|Any CPU
		{5B4EF387-A42C-5687-A7EC-2278D18C0022}.Release|Any CPU.ActiveCfg = Release|Any CPU
		{5B4EF387-A42C-5687-A7EC-2278D18C0022}.Release|Any CPU.Build.0 = Release|Any CPU
		{3FEDD0C1-4753-5745-1908-44DD974C7BCB}.Debug|Any CPU.ActiveCfg = Debug|Any CPU
		{3FEDD0C1-4753-5745-1908-44DD974C7BCB}.Debug|Any CPU.Build.0 = Debug|Any CPU
		{3FEDD0C1-4753-5745-1908-44DD974C7BCB}.Release|Any CPU.ActiveCfg = Release|Any CPU
		{3FEDD0C1-4753-5745-1908-44DD974C7BCB}.Release|Any CPU.Build.0 = Release|Any CPU
		{D0072C7E-109B-A7BA-12FB-786D73E6B894}.Debug|Any CPU.ActiveCfg = Debug|Any CPU
		{D0072C7E-109B-A7BA-12FB-786D73E6B894}.Debug|Any CPU.Build.0 = Debug|Any CPU
		{D0072C7E-109B-A7BA-12FB-786D73E6B894}.Release|Any CPU.ActiveCfg = Release|Any CPU
		{D0072C7E-109B-A7BA-12FB-786D73E6B894}.Release|Any CPU.Build.0 = Release|Any CPU
		{8CBD7800-7484-E033-562A-81DE5B3857BD}.Debug|Any CPU.ActiveCfg = Debug|Any CPU
		{8CBD7800-7484-E033-562A-81DE5B3857BD}.Debug|Any CPU.Build.0 = Debug|Any CPU
		{8CBD7800-7484-E033-562A-81DE5B3857BD}.Release|Any CPU.ActiveCfg = Release|Any CPU
		{8CBD7800-7484-E033-562A-81DE5B3857BD}.Release|Any CPU.Build.0 = Release|Any CPU
		{2BAAD9BA-E56E-5DA2-9BA0-700B607811EE}.Debug|Any CPU.ActiveCfg = Debug|Any CPU
		{2BAAD9BA-E56E-5DA2-9BA0-700B607811EE}.Debug|Any CPU.Build.0 = Debug|Any CPU
		{2BAAD9BA-E56E-5DA2-9BA0-700B607811EE}.Release|Any CPU.ActiveCfg = Release|Any CPU
		{2BAAD9BA-E56E-5DA2-9BA0-700B607811EE}.Release|Any CPU.Build.0 = Release|Any CPU
		{0C10294E-45AA-BC66-AAE2-9F6EF141D39F}.Debug|Any CPU.ActiveCfg = Debug|Any CPU
		{0C10294E-45AA-BC66-AAE2-9F6EF141D39F}.Debug|Any CPU.Build.0 = Debug|Any CPU
		{0C10294E-45AA-BC66-AAE2-9F6EF141D39F}.Release|Any CPU.ActiveCfg = Release|Any CPU
		{0C10294E-45AA-BC66-AAE2-9F6EF141D39F}.Release|Any CPU.Build.0 = Release|Any CPU
		{8C8D868C-4EBF-B49C-66ED-1EA12DFDA1E8}.Debug|Any CPU.ActiveCfg = Debug|Any CPU
		{8C8D868C-4EBF-B49C-66ED-1EA12DFDA1E8}.Debug|Any CPU.Build.0 = Debug|Any CPU
		{8C8D868C-4EBF-B49C-66ED-1EA12DFDA1E8}.Release|Any CPU.ActiveCfg = Release|Any CPU
		{8C8D868C-4EBF-B49C-66ED-1EA12DFDA1E8}.Release|Any CPU.Build.0 = Release|Any CPU
		{E1C46DC1-3C23-251C-ECAA-6F30CCA8CAE4}.Debug|Any CPU.ActiveCfg = Debug|Any CPU
		{E1C46DC1-3C23-251C-ECAA-6F30CCA8CAE4}.Debug|Any CPU.Build.0 = Debug|Any CPU
		{E1C46DC1-3C23-251C-ECAA-6F30CCA8CAE4}.Release|Any CPU.ActiveCfg = Release|Any CPU
		{E1C46DC1-3C23-251C-ECAA-6F30CCA8CAE4}.Release|Any CPU.Build.0 = Release|Any CPU
		{442E7CAD-6849-6A93-CFD8-A8D0FBF58151}.Debug|Any CPU.ActiveCfg = Debug|Any CPU
		{442E7CAD-6849-6A93-CFD8-A8D0FBF58151}.Debug|Any CPU.Build.0 = Debug|Any CPU
		{442E7CAD-6849-6A93-CFD8-A8D0FBF58151}.Release|Any CPU.ActiveCfg = Release|Any CPU
		{442E7CAD-6849-6A93-CFD8-A8D0FBF58151}.Release|Any CPU.Build.0 = Release|Any CPU
		{D1F46EF5-AF1A-E183-CDCC-6DD0F751462E}.Debug|Any CPU.ActiveCfg = Debug|Any CPU
		{D1F46EF5-AF1A-E183-CDCC-6DD0F751462E}.Debug|Any CPU.Build.0 = Debug|Any CPU
		{D1F46EF5-AF1A-E183-CDCC-6DD0F751462E}.Release|Any CPU.ActiveCfg = Release|Any CPU
		{D1F46EF5-AF1A-E183-CDCC-6DD0F751462E}.Release|Any CPU.Build.0 = Release|Any CPU
		{5F747AA5-9845-0FA6-B371-63BBC17E370E}.Debug|Any CPU.ActiveCfg = Debug|Any CPU
		{5F747AA5-9845-0FA6-B371-63BBC17E370E}.Debug|Any CPU.Build.0 = Debug|Any CPU
		{5F747AA5-9845-0FA6-B371-63BBC17E370E}.Release|Any CPU.ActiveCfg = Release|Any CPU
		{5F747AA5-9845-0FA6-B371-63BBC17E370E}.Release|Any CPU.Build.0 = Release|Any CPU
		{CF82DDEA-E2E0-C58E-B3B7-B604DD266139}.Debug|Any CPU.ActiveCfg = Debug|Any CPU
		{CF82DDEA-E2E0-C58E-B3B7-B604DD266139}.Debug|Any CPU.Build.0 = Debug|Any CPU
		{CF82DDEA-E2E0-C58E-B3B7-B604DD266139}.Release|Any CPU.ActiveCfg = Release|Any CPU
		{CF82DDEA-E2E0-C58E-B3B7-B604DD266139}.Release|Any CPU.Build.0 = Release|Any CPU
		{AC34F64B-CC74-7CFC-131A-6A91EE93E424}.Debug|Any CPU.ActiveCfg = Debug|Any CPU
		{AC34F64B-CC74-7CFC-131A-6A91EE93E424}.Debug|Any CPU.Build.0 = Debug|Any CPU
		{AC34F64B-CC74-7CFC-131A-6A91EE93E424}.Release|Any CPU.ActiveCfg = Release|Any CPU
		{AC34F64B-CC74-7CFC-131A-6A91EE93E424}.Release|Any CPU.Build.0 = Release|Any CPU
		{ABAA9A25-6AE9-7DBB-B65B-9F952A61A9E9}.Debug|Any CPU.ActiveCfg = Debug|Any CPU
		{ABAA9A25-6AE9-7DBB-B65B-9F952A61A9E9}.Debug|Any CPU.Build.0 = Debug|Any CPU
		{ABAA9A25-6AE9-7DBB-B65B-9F952A61A9E9}.Release|Any CPU.ActiveCfg = Release|Any CPU
		{ABAA9A25-6AE9-7DBB-B65B-9F952A61A9E9}.Release|Any CPU.Build.0 = Release|Any CPU
		{AF715F34-4B7D-C423-AAB4-2D65F9CEFB00}.Debug|Any CPU.ActiveCfg = Debug|Any CPU
		{AF715F34-4B7D-C423-AAB4-2D65F9CEFB00}.Debug|Any CPU.Build.0 = Debug|Any CPU
		{AF715F34-4B7D-C423-AAB4-2D65F9CEFB00}.Release|Any CPU.ActiveCfg = Release|Any CPU
		{AF715F34-4B7D-C423-AAB4-2D65F9CEFB00}.Release|Any CPU.Build.0 = Release|Any CPU
		{27E90352-7D24-8981-34B6-DB23E6672ECA}.Debug|Any CPU.ActiveCfg = Debug|Any CPU
		{27E90352-7D24-8981-34B6-DB23E6672ECA}.Debug|Any CPU.Build.0 = Debug|Any CPU
		{27E90352-7D24-8981-34B6-DB23E6672ECA}.Release|Any CPU.ActiveCfg = Release|Any CPU
		{27E90352-7D24-8981-34B6-DB23E6672ECA}.Release|Any CPU.Build.0 = Release|Any CPU
		{E6250E74-D639-25E9-68E8-4E608BB8ADDE}.Debug|Any CPU.ActiveCfg = Debug|Any CPU
		{E6250E74-D639-25E9-68E8-4E608BB8ADDE}.Debug|Any CPU.Build.0 = Debug|Any CPU
		{E6250E74-D639-25E9-68E8-4E608BB8ADDE}.Release|Any CPU.ActiveCfg = Release|Any CPU
		{E6250E74-D639-25E9-68E8-4E608BB8ADDE}.Release|Any CPU.Build.0 = Release|Any CPU
		{1CC6293F-0C5A-EE91-3279-F8514E4FAD93}.Debug|Any CPU.ActiveCfg = Debug|Any CPU
		{1CC6293F-0C5A-EE91-3279-F8514E4FAD93}.Debug|Any CPU.Build.0 = Debug|Any CPU
		{1CC6293F-0C5A-EE91-3279-F8514E4FAD93}.Release|Any CPU.ActiveCfg = Release|Any CPU
		{1CC6293F-0C5A-EE91-3279-F8514E4FAD93}.Release|Any CPU.Build.0 = Release|Any CPU
		{9ACFDD9F-7F2A-D3DD-37C8-C3E24EF8CE08}.Debug|Any CPU.ActiveCfg = Debug|Any CPU
		{9ACFDD9F-7F2A-D3DD-37C8-C3E24EF8CE08}.Debug|Any CPU.Build.0 = Debug|Any CPU
		{9ACFDD9F-7F2A-D3DD-37C8-C3E24EF8CE08}.Release|Any CPU.ActiveCfg = Release|Any CPU
		{9ACFDD9F-7F2A-D3DD-37C8-C3E24EF8CE08}.Release|Any CPU.Build.0 = Release|Any CPU
		{DD6BCF00-EB0C-446E-23F1-ABAC65581683}.Debug|Any CPU.ActiveCfg = Debug|Any CPU
		{DD6BCF00-EB0C-446E-23F1-ABAC65581683}.Debug|Any CPU.Build.0 = Debug|Any CPU
		{DD6BCF00-EB0C-446E-23F1-ABAC65581683}.Release|Any CPU.ActiveCfg = Release|Any CPU
		{DD6BCF00-EB0C-446E-23F1-ABAC65581683}.Release|Any CPU.Build.0 = Release|Any CPU
		{156F0413-509A-9D96-80B8-E2FE1B687BE2}.Debug|Any CPU.ActiveCfg = Debug|Any CPU
		{156F0413-509A-9D96-80B8-E2FE1B687BE2}.Debug|Any CPU.Build.0 = Debug|Any CPU
		{156F0413-509A-9D96-80B8-E2FE1B687BE2}.Release|Any CPU.ActiveCfg = Release|Any CPU
		{156F0413-509A-9D96-80B8-E2FE1B687BE2}.Release|Any CPU.Build.0 = Release|Any CPU
		{F7044504-8E0B-C440-94D4-DE2576067A65}.Debug|Any CPU.ActiveCfg = Debug|Any CPU
		{F7044504-8E0B-C440-94D4-DE2576067A65}.Debug|Any CPU.Build.0 = Debug|Any CPU
		{F7044504-8E0B-C440-94D4-DE2576067A65}.Release|Any CPU.ActiveCfg = Release|Any CPU
		{F7044504-8E0B-C440-94D4-DE2576067A65}.Release|Any CPU.Build.0 = Release|Any CPU
		{421303F5-3535-C4F5-1A51-920547274223}.Debug|Any CPU.ActiveCfg = Debug|Any CPU
		{421303F5-3535-C4F5-1A51-920547274223}.Debug|Any CPU.Build.0 = Debug|Any CPU
		{421303F5-3535-C4F5-1A51-920547274223}.Release|Any CPU.ActiveCfg = Release|Any CPU
		{421303F5-3535-C4F5-1A51-920547274223}.Release|Any CPU.Build.0 = Release|Any CPU
		{004DD7A4-FEF5-D4EC-0345-7E76B49BCAEC}.Debug|Any CPU.ActiveCfg = Debug|Any CPU
		{004DD7A4-FEF5-D4EC-0345-7E76B49BCAEC}.Debug|Any CPU.Build.0 = Debug|Any CPU
		{004DD7A4-FEF5-D4EC-0345-7E76B49BCAEC}.Release|Any CPU.ActiveCfg = Release|Any CPU
		{004DD7A4-FEF5-D4EC-0345-7E76B49BCAEC}.Release|Any CPU.Build.0 = Release|Any CPU
		{36A1EE6A-D703-80D4-4615-F10EE65CF43F}.Debug|Any CPU.ActiveCfg = Debug|Any CPU
		{36A1EE6A-D703-80D4-4615-F10EE65CF43F}.Debug|Any CPU.Build.0 = Debug|Any CPU
		{36A1EE6A-D703-80D4-4615-F10EE65CF43F}.Release|Any CPU.ActiveCfg = Release|Any CPU
		{36A1EE6A-D703-80D4-4615-F10EE65CF43F}.Release|Any CPU.Build.0 = Release|Any CPU
		{5DCF08D4-8312-6857-C168-F4681174C75C}.Debug|Any CPU.ActiveCfg = Debug|Any CPU
		{5DCF08D4-8312-6857-C168-F4681174C75C}.Debug|Any CPU.Build.0 = Debug|Any CPU
		{5DCF08D4-8312-6857-C168-F4681174C75C}.Release|Any CPU.ActiveCfg = Release|Any CPU
		{5DCF08D4-8312-6857-C168-F4681174C75C}.Release|Any CPU.Build.0 = Release|Any CPU
		{6F394DEB-182E-7AB9-798D-82AD9A3A8C6D}.Debug|Any CPU.ActiveCfg = Debug|Any CPU
		{6F394DEB-182E-7AB9-798D-82AD9A3A8C6D}.Debug|Any CPU.Build.0 = Debug|Any CPU
		{6F394DEB-182E-7AB9-798D-82AD9A3A8C6D}.Release|Any CPU.ActiveCfg = Release|Any CPU
		{6F394DEB-182E-7AB9-798D-82AD9A3A8C6D}.Release|Any CPU.Build.0 = Release|Any CPU
		{E70723F1-4885-DAC2-79BC-29720B664CF7}.Debug|Any CPU.ActiveCfg = Debug|Any CPU
		{E70723F1-4885-DAC2-79BC-29720B664CF7}.Debug|Any CPU.Build.0 = Debug|Any CPU
		{E70723F1-4885-DAC2-79BC-29720B664CF7}.Release|Any CPU.ActiveCfg = Release|Any CPU
		{E70723F1-4885-DAC2-79BC-29720B664CF7}.Release|Any CPU.Build.0 = Release|Any CPU
		{6A0C39E9-9657-7EA8-1C45-F66D224D8354}.Debug|Any CPU.ActiveCfg = Debug|Any CPU
		{6A0C39E9-9657-7EA8-1C45-F66D224D8354}.Debug|Any CPU.Build.0 = Debug|Any CPU
		{6A0C39E9-9657-7EA8-1C45-F66D224D8354}.Release|Any CPU.ActiveCfg = Release|Any CPU
		{6A0C39E9-9657-7EA8-1C45-F66D224D8354}.Release|Any CPU.Build.0 = Release|Any CPU
		{68B967C3-B120-AA56-376F-6FE7DE5E6D64}.Debug|Any CPU.ActiveCfg = Debug|Any CPU
		{68B967C3-B120-AA56-376F-6FE7DE5E6D64}.Debug|Any CPU.Build.0 = Debug|Any CPU
		{68B967C3-B120-AA56-376F-6FE7DE5E6D64}.Release|Any CPU.ActiveCfg = Release|Any CPU
		{68B967C3-B120-AA56-376F-6FE7DE5E6D64}.Release|Any CPU.Build.0 = Release|Any CPU
		{5A64BC35-34C6-7432-82E1-8B0747867876}.Debug|Any CPU.ActiveCfg = Debug|Any CPU
		{5A64BC35-34C6-7432-82E1-8B0747867876}.Debug|Any CPU.Build.0 = Debug|Any CPU
		{5A64BC35-34C6-7432-82E1-8B0747867876}.Release|Any CPU.ActiveCfg = Release|Any CPU
		{5A64BC35-34C6-7432-82E1-8B0747867876}.Release|Any CPU.Build.0 = Release|Any CPU
		{F6769847-1971-770C-4EB8-5105CCFE86DF}.Debug|Any CPU.ActiveCfg = Debug|Any CPU
		{F6769847-1971-770C-4EB8-5105CCFE86DF}.Debug|Any CPU.Build.0 = Debug|Any CPU
		{F6769847-1971-770C-4EB8-5105CCFE86DF}.Release|Any CPU.ActiveCfg = Release|Any CPU
		{F6769847-1971-770C-4EB8-5105CCFE86DF}.Release|Any CPU.Build.0 = Release|Any CPU
		{657F0936-1532-3626-D4E2-30AAB2E61B0E}.Debug|Any CPU.ActiveCfg = Debug|Any CPU
		{657F0936-1532-3626-D4E2-30AAB2E61B0E}.Debug|Any CPU.Build.0 = Debug|Any CPU
		{657F0936-1532-3626-D4E2-30AAB2E61B0E}.Release|Any CPU.ActiveCfg = Release|Any CPU
		{657F0936-1532-3626-D4E2-30AAB2E61B0E}.Release|Any CPU.Build.0 = Release|Any CPU
		{F1C519B6-1A1A-0062-CB39-64EC2F346ABE}.Debug|Any CPU.ActiveCfg = Debug|Any CPU
		{F1C519B6-1A1A-0062-CB39-64EC2F346ABE}.Debug|Any CPU.Build.0 = Debug|Any CPU
		{F1C519B6-1A1A-0062-CB39-64EC2F346ABE}.Release|Any CPU.ActiveCfg = Release|Any CPU
		{F1C519B6-1A1A-0062-CB39-64EC2F346ABE}.Release|Any CPU.Build.0 = Release|Any CPU
	EndGlobalSection
	GlobalSection(SolutionProperties) = preSolution
		HideSolutionNode = FALSE
	EndGlobalSection
EndGlobal
